{
  "name": "js",
  "version": "1.0.0",
  "lockfileVersion": 3,
  "requires": true,
  "packages": {
    "": {
      "name": "js",
      "version": "1.0.0",
      "license": "ISC",
      "dependencies": {
        "date-fns": "^4.1.0",
        "lunar-typescript": "^1.7.8"
      }
    },
    "node_modules/date-fns": {
      "version": "4.1.0",
      "resolved": "https://registry.npmmirror.com/date-fns/-/date-fns-4.1.0.tgz",
      "integrity": "sha512-Ukq0owbQXxa/U3EGtsdVBkR1w7KOQ5gIBqdH2hkvknzZPYvBxb/aa6E8L7tmjFtkwZBu3UXBbjIgPo/Ez4xaNg==",
      "funding": {
        "type": "github",
        "url": "https://github.com/sponsors/kossnocorp"
      }
    },
    "node_modules/lunar-typescript": {
      "version": "1.7.8",
      "resolved": "https://registry.npmmirror.com/lunar-typescript/-/lunar-typescript-1.7.8.tgz",
      "integrity": "sha512-i1rjc1eDHUF4k8NfpYxar3ZKtxyVHOGnR+yVTMS8jMy74ugq7KeHI+8T1XIvB3uojpBq6asywe7z25PmI3VLPw=="
    }
  }
}
